
Microsoft Visual Studio Solution File, Format Version 12.00
# Visual Studio 15
VisualStudioVersion = 15.0.28307.1972
MinimumVisualStudioVersion = 10.0.40219.1
Project("{FAE04EC0-301F-11D3-BF4B-00C04F79EFBC}") = "KidsLogicaMatematica", "KidsLogicaMatematica\KidsLogicaMatematica.csproj", "{26CF019B-9474-4808-97E6-69504CC7DF7F}"
EndProject
Global
	GlobalSection(SolutionConfigurationPlatforms) = preSolution
		Debug|Any CPU = Debug|Any CPU
		Release|Any CPU = Release|Any CPU
	EndGlobalSection
	GlobalSection(ProjectConfigurationPlatforms) = postSolution
		{26CF019B-9474-4808-97E6-69504CC7DF7F}.Debug|Any CPU.ActiveCfg = Debug|Any CPU
		{26CF019B-9474-4808-97E6-69504CC7DF7F}.Debug|Any CPU.Build.0 = Debug|Any CPU
		{26CF019B-9474-4808-97E6-69504CC7DF7F}.Release|Any CPU.ActiveCfg = Release|Any CPU
		{26CF019B-9474-4808-97E6-69504CC7DF7F}.Release|Any CPU.Build.0 = Release|Any CPU
	EndGlobalSection
	GlobalSection(SolutionProperties) = preSolution
		HideSolutionNode = FALSE
	EndGlobalSection
	GlobalSection(ExtensibilityGlobals) = postSolution
		SolutionGuid = {CB2BE8C9-9F90-4349-97E9-3E394C27FF36}
	EndGlobalSection
EndGlobal
